version = 1
requires-python = ">=3.13"

[[package]]
name = "anyio"
version = "4.6.2.post1"
source = { registry = "https://mirrors.aliyun.com/pypi/simple" }
dependencies = [
    { name = "idna" },
    { name = "sniffio" },
]
sdist = { url = "https://mirrors.aliyun.com/pypi/packages/9f/09/45b9b7a6d4e45c6bcb5bf61d19e3ab87df68e0601fa8c5293de3542546cc/anyio-4.6.2.post1.tar.gz", hash = "sha256:4c8bc31ccdb51c7f7bd251f51c609e038d63e34219b44aa86e47576389880b4c" }
wheels = [
    { url = "https://mirrors.aliyun.com/pypi/packages/e4/f5/f2b75d2fc6f1a260f340f0e7c6a060f4dd2961cc16884ed851b0d18da06a/anyio-4.6.2.post1-py3-none-any.whl", hash = "sha256:6d170c36fba3bdd840c73d3868c1e777e33676a69c3a72cf0a0d5d6d8009b61d" },
]

[[package]]
name = "asgiref"
version = "3.8.1"
source = { registry = "https://mirrors.aliyun.com/pypi/simple" }
sdist = { url = "https://mirrors.aliyun.com/pypi/packages/29/38/b3395cc9ad1b56d2ddac9970bc8f4141312dbaec28bc7c218b0dfafd0f42/asgiref-3.8.1.tar.gz", hash = "sha256:c343bd80a0bec947a9860adb4c432ffa7db769836c64238fc34bdc3fec84d590" }
wheels = [
    { url = "https://mirrors.aliyun.com/pypi/packages/39/e3/893e8757be2612e6c266d9bb58ad2e3651524b5b40cf56761e985a28b13e/asgiref-3.8.1-py3-none-any.whl", hash = "sha256:3e1e3ecc849832fe52ccf2cb6686b7a55f82bb1d6aee72a58826471390335e47" },
]

[[package]]
name = "click"
version = "8.1.7"
source = { registry = "https://mirrors.aliyun.com/pypi/simple" }
dependencies = [
    { name = "colorama", marker = "platform_system == 'Windows'" },
]
sdist = { url = "https://mirrors.aliyun.com/pypi/packages/96/d3/f04c7bfcf5c1862a2a5b845c6b2b360488cf47af55dfa79c98f6a6bf98b5/click-8.1.7.tar.gz", hash = "sha256:ca9853ad459e787e2192211578cc907e7594e294c7ccc834310722b41b9ca6de" }
wheels = [
    { url = "https://mirrors.aliyun.com/pypi/packages/00/2e/d53fa4befbf2cfa713304affc7ca780ce4fc1fd8710527771b58311a3229/click-8.1.7-py3-none-any.whl", hash = "sha256:ae74fb96c20a0277a1d615f1e4d73c8414f5a98db8b799a7931d1582f3390c28" },
]

[[package]]
name = "colorama"
version = "0.4.6"
source = { registry = "https://mirrors.aliyun.com/pypi/simple" }
sdist = { url = "https://mirrors.aliyun.com/pypi/packages/d8/53/6f443c9a4a8358a93a6792e2acffb9d9d5cb0a5cfd8802644b7b1c9a02e4/colorama-0.4.6.tar.gz", hash = "sha256:08695f5cb7ed6e0531a20572697297273c47b8cae5a63ffc6d6ed5c201be6e44" }
wheels = [
    { url = "https://mirrors.aliyun.com/pypi/packages/d1/d6/3965ed04c63042e047cb6a3e6ed1a63a35087b6a609aa3a15ed8ac56c221/colorama-0.4.6-py2.py3-none-any.whl", hash = "sha256:4f1d9991f5acc0ca119f9d443620b77f9d6b33703e51011c16baf57afb285fc6" },
]

[[package]]
name = "django"
version = "5.1.3"
source = { registry = "https://mirrors.aliyun.com/pypi/simple" }
dependencies = [
    { name = "asgiref" },
    { name = "sqlparse" },
    { name = "tzdata", marker = "sys_platform == 'win32'" },
]
sdist = { url = "https://mirrors.aliyun.com/pypi/packages/c6/85/ba2c2b83ba8b95354f99ed8344405d9571109ce0175028876209d6b93fba/Django-5.1.3.tar.gz", hash = "sha256:c0fa0e619c39325a169208caef234f90baa925227032ad3f44842ba14d75234a" }
wheels = [
    { url = "https://mirrors.aliyun.com/pypi/packages/e5/f6/88ed57e1b3ed54ff18c1da352aecbd6f51784c3e642d97586b61f050f5b1/Django-5.1.3-py3-none-any.whl", hash = "sha256:8b38a9a12da3ae00cb0ba72da985ec4b14de6345046b1e174b1fd7254398f818" },
]

[[package]]
name = "djangorestframework"
version = "3.15.2"
source = { registry = "https://mirrors.aliyun.com/pypi/simple" }
dependencies = [
    { name = "django" },
]
sdist = { url = "https://mirrors.aliyun.com/pypi/packages/2c/ce/31482eb688bdb4e271027076199e1aa8d02507e530b6d272ab8b4481557c/djangorestframework-3.15.2.tar.gz", hash = "sha256:36fe88cd2d6c6bec23dca9804bab2ba5517a8bb9d8f47ebc68981b56840107ad" }
wheels = [
    { url = "https://mirrors.aliyun.com/pypi/packages/7c/b6/fa99d8f05eff3a9310286ae84c4059b08c301ae4ab33ae32e46e8ef76491/djangorestframework-3.15.2-py3-none-any.whl", hash = "sha256:2b8871b062ba1aefc2de01f773875441a961fefbf79f5eed1e32b2f096944b20" },
]

[[package]]
name = "gunicorn"
version = "23.0.0"
source = { registry = "https://mirrors.aliyun.com/pypi/simple" }
dependencies = [
    { name = "packaging" },
]
sdist = { url = "https://mirrors.aliyun.com/pypi/packages/34/72/9614c465dc206155d93eff0ca20d42e1e35afc533971379482de953521a4/gunicorn-23.0.0.tar.gz", hash = "sha256:f014447a0101dc57e294f6c18ca6b40227a4c90e9bdb586042628030cba004ec" }
wheels = [
    { url = "https://mirrors.aliyun.com/pypi/packages/cb/7d/6dac2a6e1eba33ee43f318edbed4ff29151a49b5d37f080aad1e6469bca4/gunicorn-23.0.0-py3-none-any.whl", hash = "sha256:ec400d38950de4dfd418cff8328b2c8faed0edb0d517d3394e457c317908ca4d" },
]

[[package]]
name = "h11"
version = "0.14.0"
source = { registry = "https://mirrors.aliyun.com/pypi/simple" }
sdist = { url = "https://mirrors.aliyun.com/pypi/packages/f5/38/3af3d3633a34a3316095b39c8e8fb4853a28a536e55d347bd8d8e9a14b03/h11-0.14.0.tar.gz", hash = "sha256:8f19fbbe99e72420ff35c00b27a34cb9937e902a8b810e2c88300c6f0a3b699d" }
wheels = [
    { url = "https://mirrors.aliyun.com/pypi/packages/95/04/ff642e65ad6b90db43e668d70ffb6736436c7ce41fcc549f4e9472234127/h11-0.14.0-py3-none-any.whl", hash = "sha256:e3fe4ac4b851c468cc8363d500db52c2ead036020723024a109d37346efaa761" },
]

[[package]]
name = "httptools"
version = "0.6.4"
source = { registry = "https://mirrors.aliyun.com/pypi/simple" }
sdist = { url = "https://mirrors.aliyun.com/pypi/packages/a7/9a/ce5e1f7e131522e6d3426e8e7a490b3a01f39a6696602e1c4f33f9e94277/httptools-0.6.4.tar.gz", hash = "sha256:4e93eee4add6493b59a5c514da98c939b244fce4a0d8879cd3f466562f4b7d5c" }
wheels = [
    { url = "https://mirrors.aliyun.com/pypi/packages/94/a3/9fe9ad23fd35f7de6b91eeb60848986058bd8b5a5c1e256f5860a160cc3e/httptools-0.6.4-cp313-cp313-macosx_10_13_universal2.whl", hash = "sha256:ade273d7e767d5fae13fa637f4d53b6e961fb7fd93c7797562663f0171c26660" },
    { url = "https://mirrors.aliyun.com/pypi/packages/ea/d9/82d5e68bab783b632023f2fa31db20bebb4e89dfc4d2293945fd68484ee4/httptools-0.6.4-cp313-cp313-macosx_11_0_arm64.whl", hash = "sha256:856f4bc0478ae143bad54a4242fccb1f3f86a6e1be5548fecfd4102061b3a083" },
    { url = "https://mirrors.aliyun.com/pypi/packages/96/c1/cb499655cbdbfb57b577734fde02f6fa0bbc3fe9fb4d87b742b512908dff/httptools-0.6.4-cp313-cp313-manylinux_2_17_aarch64.manylinux2014_aarch64.whl", hash = "sha256:322d20ea9cdd1fa98bd6a74b77e2ec5b818abdc3d36695ab402a0de8ef2865a3" },
    { url = "https://mirrors.aliyun.com/pypi/packages/af/71/ee32fd358f8a3bb199b03261f10921716990808a675d8160b5383487a317/httptools-0.6.4-cp313-cp313-manylinux_2_5_x86_64.manylinux1_x86_64.manylinux_2_17_x86_64.manylinux2014_x86_64.whl", hash = "sha256:4d87b29bd4486c0093fc64dea80231f7c7f7eb4dc70ae394d70a495ab8436071" },
    { url = "https://mirrors.aliyun.com/pypi/packages/8a/0a/0d4df132bfca1507114198b766f1737d57580c9ad1cf93c1ff673e3387be/httptools-0.6.4-cp313-cp313-musllinux_1_2_aarch64.whl", hash = "sha256:342dd6946aa6bda4b8f18c734576106b8a31f2fe31492881a9a160ec84ff4bd5" },
    { url = "https://mirrors.aliyun.com/pypi/packages/1e/6a/787004fdef2cabea27bad1073bf6a33f2437b4dbd3b6fb4a9d71172b1c7c/httptools-0.6.4-cp313-cp313-musllinux_1_2_x86_64.whl", hash = "sha256:4b36913ba52008249223042dca46e69967985fb4051951f94357ea681e1f5dc0" },
    { url = "https://mirrors.aliyun.com/pypi/packages/4d/dc/7decab5c404d1d2cdc1bb330b1bf70e83d6af0396fd4fc76fc60c0d522bf/httptools-0.6.4-cp313-cp313-win_amd64.whl", hash = "sha256:28908df1b9bb8187393d5b5db91435ccc9c8e891657f9cbb42a2541b44c82fc8" },
]

[[package]]
name = "idna"
version = "3.10"
source = { registry = "https://mirrors.aliyun.com/pypi/simple" }
sdist = { url = "https://mirrors.aliyun.com/pypi/packages/f1/70/7703c29685631f5a7590aa73f1f1d3fa9a380e654b86af429e0934a32f7d/idna-3.10.tar.gz", hash = "sha256:12f65c9b470abda6dc35cf8e63cc574b1c52b11df2c86030af0ac09b01b13ea9" }
wheels = [
    { url = "https://mirrors.aliyun.com/pypi/packages/76/c6/c88e154df9c4e1a2a66ccf0005a88dfb2650c1dffb6f5ce603dfbd452ce3/idna-3.10-py3-none-any.whl", hash = "sha256:946d195a0d259cbba61165e88e65941f16e9b36ea6ddb97f00452bae8b1287d3" },
]

[[package]]
name = "learning-django"
version = "0.0.1"
source = { virtual = "." }
dependencies = [
    { name = "django" },
    { name = "djangorestframework" },
    { name = "gunicorn" },
    { name = "pillow" },
    { name = "psycopg", extra = ["binary"] },
    { name = "pygments" },
    { name = "uvicorn", extra = ["standard"] },
]

[package.metadata]
requires-dist = [
    { name = "django", specifier = ">=5.1.3" },
    { name = "djangorestframework", specifier = ">=3.15.2" },
    { name = "gunicorn", specifier = ">=23.0.0" },
    { name = "pillow", specifier = ">=11.0.0" },
    { name = "psycopg", extras = ["binary"], specifier = ">=3.2.3" },
    { name = "pygments", specifier = ">=2.18.0" },
    { name = "uvicorn", extras = ["standard"], specifier = ">=0.32.0" },
]

[[package]]
name = "packaging"
version = "24.2"
source = { registry = "https://mirrors.aliyun.com/pypi/simple" }
sdist = { url = "https://mirrors.aliyun.com/pypi/packages/d0/63/68dbb6eb2de9cb10ee4c9c14a0148804425e13c4fb20d61cce69f53106da/packaging-24.2.tar.gz", hash = "sha256:c228a6dc5e932d346bc5739379109d49e8853dd8223571c7c5b55260edc0b97f" }
wheels = [
    { url = "https://mirrors.aliyun.com/pypi/packages/88/ef/eb23f262cca3c0c4eb7ab1933c3b1f03d021f2c48f54763065b6f0e321be/packaging-24.2-py3-none-any.whl", hash = "sha256:09abb1bccd265c01f4a3aa3f7a7db064b36514d2cba19a2f694fe6150451a759" },
]

[[package]]
name = "pillow"
version = "11.0.0"
source = { registry = "https://mirrors.aliyun.com/pypi/simple" }
sdist = { url = "https://mirrors.aliyun.com/pypi/packages/a5/26/0d95c04c868f6bdb0c447e3ee2de5564411845e36a858cfd63766bc7b563/pillow-11.0.0.tar.gz", hash = "sha256:72bacbaf24ac003fea9bff9837d1eedb6088758d41e100c1552930151f677739" }
wheels = [
    { url = "https://mirrors.aliyun.com/pypi/packages/63/24/e2e15e392d00fcf4215907465d8ec2a2f23bcec1481a8ebe4ae760459995/pillow-11.0.0-cp313-cp313-macosx_10_13_x86_64.whl", hash = "sha256:bcd1fb5bb7b07f64c15618c89efcc2cfa3e95f0e3bcdbaf4642509de1942a699" },
    { url = "https://mirrors.aliyun.com/pypi/packages/43/72/92ad4afaa2afc233dc44184adff289c2e77e8cd916b3ddb72ac69495bda3/pillow-11.0.0-cp313-cp313-macosx_11_0_arm64.whl", hash = "sha256:0e038b0745997c7dcaae350d35859c9715c71e92ffb7e0f4a8e8a16732150f38" },
    { url = "https://mirrors.aliyun.com/pypi/packages/9e/da/c8d69c5bc85d72a8523fe862f05ababdc52c0a755cfe3d362656bb86552b/pillow-11.0.0-cp313-cp313-manylinux_2_17_aarch64.manylinux2014_aarch64.whl", hash = "sha256:0ae08bd8ffc41aebf578c2af2f9d8749d91f448b3bfd41d7d9ff573d74f2a6b2" },
    { url = "https://mirrors.aliyun.com/pypi/packages/cd/e8/686d0caeed6b998351d57796496a70185376ed9c8ec7d99e1d19ad591fc6/pillow-11.0.0-cp313-cp313-manylinux_2_17_x86_64.manylinux2014_x86_64.whl", hash = "sha256:d69bfd8ec3219ae71bcde1f942b728903cad25fafe3100ba2258b973bd2bc1b2" },
    { url = "https://mirrors.aliyun.com/pypi/packages/ec/da/430015cec620d622f06854be67fd2f6721f52fc17fca8ac34b32e2d60739/pillow-11.0.0-cp313-cp313-manylinux_2_28_aarch64.whl", hash = "sha256:61b887f9ddba63ddf62fd02a3ba7add935d053b6dd7d58998c630e6dbade8527" },
    { url = "https://mirrors.aliyun.com/pypi/packages/44/ae/7e4f6662a9b1cb5f92b9cc9cab8321c381ffbee309210940e57432a4063a/pillow-11.0.0-cp313-cp313-manylinux_2_28_x86_64.whl", hash = "sha256:c6a660307ca9d4867caa8d9ca2c2658ab685de83792d1876274991adec7b93fa" },
    { url = "https://mirrors.aliyun.com/pypi/packages/74/d5/1a807779ac8a0eeed57f2b92a3c32ea1b696e6140c15bd42eaf908a261cd/pillow-11.0.0-cp313-cp313-musllinux_1_2_aarch64.whl", hash = "sha256:73e3a0200cdda995c7e43dd47436c1548f87a30bb27fb871f352a22ab8dcf45f" },
    { url = "https://mirrors.aliyun.com/pypi/packages/38/8c/5fa3385163ee7080bc13026d59656267daaaaf3c728c233d530e2c2757c8/pillow-11.0.0-cp313-cp313-musllinux_1_2_x86_64.whl", hash = "sha256:fba162b8872d30fea8c52b258a542c5dfd7b235fb5cb352240c8d63b414013eb" },
    { url = "https://mirrors.aliyun.com/pypi/packages/ca/1d/ad9c14811133977ff87035bf426875b93097fb50af747793f013979facdb/pillow-11.0.0-cp313-cp313-win32.whl", hash = "sha256:f1b82c27e89fffc6da125d5eb0ca6e68017faf5efc078128cfaa42cf5cb38798" },
    { url = "https://mirrors.aliyun.com/pypi/packages/fb/01/3755ba287dac715e6afdb333cb1f6d69740a7475220b4637b5ce3d78cec2/pillow-11.0.0-cp313-cp313-win_amd64.whl", hash = "sha256:8ba470552b48e5835f1d23ecb936bb7f71d206f9dfeee64245f30c3270b994de" },
    { url = "https://mirrors.aliyun.com/pypi/packages/c0/98/2c7d727079b6be1aba82d195767d35fcc2d32204c7a5820f822df5330152/pillow-11.0.0-cp313-cp313-win_arm64.whl", hash = "sha256:846e193e103b41e984ac921b335df59195356ce3f71dcfd155aa79c603873b84" },
    { url = "https://mirrors.aliyun.com/pypi/packages/eb/38/998b04cc6f474e78b563716b20eecf42a2fa16a84589d23c8898e64b0ffd/pillow-11.0.0-cp313-cp313t-macosx_10_13_x86_64.whl", hash = "sha256:4ad70c4214f67d7466bea6a08061eba35c01b1b89eaa098040a35272a8efb22b" },
    { url = "https://mirrors.aliyun.com/pypi/packages/13/8e/be23a96292113c6cb26b2aa3c8b3681ec62b44ed5c2bd0b258bd59503d3c/pillow-11.0.0-cp313-cp313t-macosx_11_0_arm64.whl", hash = "sha256:6ec0d5af64f2e3d64a165f490d96368bb5dea8b8f9ad04487f9ab60dc4bb6003" },
    { url = "https://mirrors.aliyun.com/pypi/packages/97/8a/3db4eaabb7a2ae8203cd3a332a005e4aba00067fc514aaaf3e9721be31f1/pillow-11.0.0-cp313-cp313t-manylinux_2_17_x86_64.manylinux2014_x86_64.whl", hash = "sha256:c809a70e43c7977c4a42aefd62f0131823ebf7dd73556fa5d5950f5b354087e2" },
    { url = "https://mirrors.aliyun.com/pypi/packages/28/ac/629ffc84ff67b9228fe87a97272ab125bbd4dc462745f35f192d37b822f1/pillow-11.0.0-cp313-cp313t-manylinux_2_28_x86_64.whl", hash = "sha256:4b60c9520f7207aaf2e1d94de026682fc227806c6e1f55bba7606d1c94dd623a" },
    { url = "https://mirrors.aliyun.com/pypi/packages/d6/07/a505921d36bb2df6868806eaf56ef58699c16c388e378b0dcdb6e5b2fb36/pillow-11.0.0-cp313-cp313t-musllinux_1_2_x86_64.whl", hash = "sha256:1e2688958a840c822279fda0086fec1fdab2f95bf2b717b66871c4ad9859d7e8" },
    { url = "https://mirrors.aliyun.com/pypi/packages/d6/b9/fb620dd47fc7cc9678af8f8bd8c772034ca4977237049287e99dda360b66/pillow-11.0.0-cp313-cp313t-win32.whl", hash = "sha256:607bbe123c74e272e381a8d1957083a9463401f7bd01287f50521ecb05a313f8" },
    { url = "https://mirrors.aliyun.com/pypi/packages/df/86/25dde85c06c89d7fc5db17940f07aae0a56ac69aa9ccb5eb0f09798862a8/pillow-11.0.0-cp313-cp313t-win_amd64.whl", hash = "sha256:5c39ed17edea3bc69c743a8dd3e9853b7509625c2462532e62baa0732163a904" },
    { url = "https://mirrors.aliyun.com/pypi/packages/51/85/9c33f2517add612e17f3381aee7c4072779130c634921a756c97bc29fb49/pillow-11.0.0-cp313-cp313t-win_arm64.whl", hash = "sha256:75acbbeb05b86bc53cbe7b7e6fe00fbcf82ad7c684b3ad82e3d711da9ba287d3" },
]

[[package]]
name = "psycopg"
version = "3.2.3"
source = { registry = "https://mirrors.aliyun.com/pypi/simple" }
dependencies = [
    { name = "tzdata", marker = "sys_platform == 'win32'" },
]
sdist = { url = "https://mirrors.aliyun.com/pypi/packages/d1/ad/7ce016ae63e231575df0498d2395d15f005f05e32d3a2d439038e1bd0851/psycopg-3.2.3.tar.gz", hash = "sha256:a5764f67c27bec8bfac85764d23c534af2c27b893550377e37ce59c12aac47a2" }
wheels = [
    { url = "https://mirrors.aliyun.com/pypi/packages/ce/21/534b8f5bd9734b7a2fcd3a16b1ee82ef6cad81a4796e95ebf4e0c6a24119/psycopg-3.2.3-py3-none-any.whl", hash = "sha256:644d3973fe26908c73d4be746074f6e5224b03c1101d302d9a53bf565ad64907" },
]

[package.optional-dependencies]
binary = [
    { name = "psycopg-binary", marker = "implementation_name != 'pypy'" },
]

[[package]]
name = "psycopg-binary"
version = "3.2.3"
source = { registry = "https://mirrors.aliyun.com/pypi/simple" }
wheels = [
    { url = "https://mirrors.aliyun.com/pypi/packages/c6/bf/717c5e51c68e2498b60a6e9f1476cc47953013275a54bf8e23fd5082a72d/psycopg_binary-3.2.3-cp313-cp313-macosx_12_0_x86_64.whl", hash = "sha256:41fdec0182efac66b27478ac15ef54c9ebcecf0e26ed467eb7d6f262a913318b" },
    { url = "https://mirrors.aliyun.com/pypi/packages/31/d5/6f9ad6fe5ef80ca9172bc3d028ebae8e9a1ee8aebd917c95c747a5efd85f/psycopg_binary-3.2.3-cp313-cp313-macosx_14_0_arm64.whl", hash = "sha256:07d019a786eb020c0f984691aa1b994cb79430061065a694cf6f94056c603d26" },
    { url = "https://mirrors.aliyun.com/pypi/packages/fb/7b/c58dd26c27fe7a491141ca765c103e702872ff1c174ebd669d73d7fb0b5d/psycopg_binary-3.2.3-cp313-cp313-manylinux_2_17_aarch64.manylinux2014_aarch64.whl", hash = "sha256:4c57615791a337378fe5381143259a6c432cdcbb1d3e6428bfb7ce59fff3fb5c" },
    { url = "https://mirrors.aliyun.com/pypi/packages/ed/75/acf6a81c788007b7bc0a43b02c22eff7cb19a6ace9e84c32838e86083a3f/psycopg_binary-3.2.3-cp313-cp313-manylinux_2_17_i686.manylinux2014_i686.whl", hash = "sha256:e8eb9a4e394926b93ad919cad1b0a918e9b4c846609e8c1cfb6b743683f64da0" },
    { url = "https://mirrors.aliyun.com/pypi/packages/83/a5/8a01b923fe42acd185d53f24fb98ead717725ede76a4cd183ff293daf1f1/psycopg_binary-3.2.3-cp313-cp313-manylinux_2_17_ppc64le.manylinux2014_ppc64le.whl", hash = "sha256:5905729668ef1418bd36fbe876322dcb0f90b46811bba96d505af89e6fbdce2f" },
    { url = "https://mirrors.aliyun.com/pypi/packages/14/8f/b00e65e204340ab1259ecc8d4cc4c1f72c386be5ca7bfb90ae898a058d68/psycopg_binary-3.2.3-cp313-cp313-manylinux_2_17_x86_64.manylinux2014_x86_64.whl", hash = "sha256:fd65774ed7d65101b314808b6893e1a75b7664f680c3ef18d2e5c84d570fa393" },
    { url = "https://mirrors.aliyun.com/pypi/packages/ce/fc/ba830fc6c9b02b66d1e2fb420736df4d78369760144169a9046f04d72ac6/psycopg_binary-3.2.3-cp313-cp313-musllinux_1_2_aarch64.whl", hash = "sha256:700679c02f9348a0d0a2adcd33a0275717cd0d0aee9d4482b47d935023629505" },
    { url = "https://mirrors.aliyun.com/pypi/packages/b8/75/b62d06930a615435e909e05de126aa3d49f6ec2993d1aa6a99e7faab5570/psycopg_binary-3.2.3-cp313-cp313-musllinux_1_2_i686.whl", hash = "sha256:96334bb64d054e36fed346c50c4190bad9d7c586376204f50bede21a913bf942" },
    { url = "https://mirrors.aliyun.com/pypi/packages/57/e5/32dc7518325d0010813853a87b19c784d8b11fdb17f5c0e0c148c5ac77af/psycopg_binary-3.2.3-cp313-cp313-musllinux_1_2_ppc64le.whl", hash = "sha256:9099e443d4cc24ac6872e6a05f93205ba1a231b1a8917317b07c9ef2b955f1f4" },
    { url = "https://mirrors.aliyun.com/pypi/packages/23/a3/d1aa04329253c024a2323051774446770d47b43073874a3de8cca797ed8e/psycopg_binary-3.2.3-cp313-cp313-musllinux_1_2_x86_64.whl", hash = "sha256:1985ab05e9abebfbdf3163a16ebb37fbc5d49aff2bf5b3d7375ff0920bbb54cd" },
    { url = "https://mirrors.aliyun.com/pypi/packages/03/20/b675af723b9a61d48abd6a3d64cbb9797697d330255d1f8105713d54ed8e/psycopg_binary-3.2.3-cp313-cp313-win_amd64.whl", hash = "sha256:e90352d7b610b4693fad0feea48549d4315d10f1eba5605421c92bb834e90170" },
]

[[package]]
name = "pygments"
version = "2.18.0"
source = { registry = "https://mirrors.aliyun.com/pypi/simple" }
sdist = { url = "https://mirrors.aliyun.com/pypi/packages/8e/62/8336eff65bcbc8e4cb5d05b55faf041285951b6e80f33e2bff2024788f31/pygments-2.18.0.tar.gz", hash = "sha256:786ff802f32e91311bff3889f6e9a86e81505fe99f2735bb6d60ae0c5004f199" }
wheels = [
    { url = "https://mirrors.aliyun.com/pypi/packages/f7/3f/01c8b82017c199075f8f788d0d906b9ffbbc5a47dc9918a945e13d5a2bda/pygments-2.18.0-py3-none-any.whl", hash = "sha256:b8e6aca0523f3ab76fee51799c488e38782ac06eafcf95e7ba832985c8e7b13a" },
]

[[package]]
name = "python-dotenv"
version = "1.0.1"
source = { registry = "https://mirrors.aliyun.com/pypi/simple" }
sdist = { url = "https://mirrors.aliyun.com/pypi/packages/bc/57/e84d88dfe0aec03b7a2d4327012c1627ab5f03652216c63d49846d7a6c58/python-dotenv-1.0.1.tar.gz", hash = "sha256:e324ee90a023d808f1959c46bcbc04446a10ced277783dc6ee09987c37ec10ca" }
wheels = [
    { url = "https://mirrors.aliyun.com/pypi/packages/6a/3e/b68c118422ec867fa7ab88444e1274aa40681c606d59ac27de5a5588f082/python_dotenv-1.0.1-py3-none-any.whl", hash = "sha256:f7b63ef50f1b690dddf550d03497b66d609393b40b564ed0d674909a68ebf16a" },
]

[[package]]
name = "pyyaml"
version = "6.0.2"
source = { registry = "https://mirrors.aliyun.com/pypi/simple" }
sdist = { url = "https://mirrors.aliyun.com/pypi/packages/54/ed/79a089b6be93607fa5cdaedf301d7dfb23af5f25c398d5ead2525b063e17/pyyaml-6.0.2.tar.gz", hash = "sha256:d584d9ec91ad65861cc08d42e834324ef890a082e591037abe114850ff7bbc3e" }
wheels = [
    { url = "https://mirrors.aliyun.com/pypi/packages/ef/e3/3af305b830494fa85d95f6d95ef7fa73f2ee1cc8ef5b495c7c3269fb835f/PyYAML-6.0.2-cp313-cp313-macosx_10_13_x86_64.whl", hash = "sha256:efdca5630322a10774e8e98e1af481aad470dd62c3170801852d752aa7a783ba" },
    { url = "https://mirrors.aliyun.com/pypi/packages/45/9f/3b1c20a0b7a3200524eb0076cc027a970d320bd3a6592873c85c92a08731/PyYAML-6.0.2-cp313-cp313-macosx_11_0_arm64.whl", hash = "sha256:50187695423ffe49e2deacb8cd10510bc361faac997de9efef88badc3bb9e2d1" },
    { url = "https://mirrors.aliyun.com/pypi/packages/7c/9a/337322f27005c33bcb656c655fa78325b730324c78620e8328ae28b64d0c/PyYAML-6.0.2-cp313-cp313-manylinux_2_17_aarch64.manylinux2014_aarch64.whl", hash = "sha256:0ffe8360bab4910ef1b9e87fb812d8bc0a308b0d0eef8c8f44e0254ab3b07133" },
    { url = "https://mirrors.aliyun.com/pypi/packages/a3/69/864fbe19e6c18ea3cc196cbe5d392175b4cf3d5d0ac1403ec3f2d237ebb5/PyYAML-6.0.2-cp313-cp313-manylinux_2_17_s390x.manylinux2014_s390x.whl", hash = "sha256:17e311b6c678207928d649faa7cb0d7b4c26a0ba73d41e99c4fff6b6c3276484" },
    { url = "https://mirrors.aliyun.com/pypi/packages/04/24/b7721e4845c2f162d26f50521b825fb061bc0a5afcf9a386840f23ea19fa/PyYAML-6.0.2-cp313-cp313-manylinux_2_17_x86_64.manylinux2014_x86_64.whl", hash = "sha256:70b189594dbe54f75ab3a1acec5f1e3faa7e8cf2f1e08d9b561cb41b845f69d5" },
    { url = "https://mirrors.aliyun.com/pypi/packages/2b/b2/e3234f59ba06559c6ff63c4e10baea10e5e7df868092bf9ab40e5b9c56b6/PyYAML-6.0.2-cp313-cp313-musllinux_1_1_aarch64.whl", hash = "sha256:41e4e3953a79407c794916fa277a82531dd93aad34e29c2a514c2c0c5fe971cc" },
    { url = "https://mirrors.aliyun.com/pypi/packages/fe/0f/25911a9f080464c59fab9027482f822b86bf0608957a5fcc6eaac85aa515/PyYAML-6.0.2-cp313-cp313-musllinux_1_1_x86_64.whl", hash = "sha256:68ccc6023a3400877818152ad9a1033e3db8625d899c72eacb5a668902e4d652" },
    { url = "https://mirrors.aliyun.com/pypi/packages/14/0d/e2c3b43bbce3cf6bd97c840b46088a3031085179e596d4929729d8d68270/PyYAML-6.0.2-cp313-cp313-win32.whl", hash = "sha256:bc2fa7c6b47d6bc618dd7fb02ef6fdedb1090ec036abab80d4681424b84c1183" },
    { url = "https://mirrors.aliyun.com/pypi/packages/fa/de/02b54f42487e3d3c6efb3f89428677074ca7bf43aae402517bc7cca949f3/PyYAML-6.0.2-cp313-cp313-win_amd64.whl", hash = "sha256:8388ee1976c416731879ac16da0aff3f63b286ffdd57cdeb95f3f2e085687563" },
]

[[package]]
name = "sniffio"
version = "1.3.1"
source = { registry = "https://mirrors.aliyun.com/pypi/simple" }
sdist = { url = "https://mirrors.aliyun.com/pypi/packages/a2/87/a6771e1546d97e7e041b6ae58d80074f81b7d5121207425c964ddf5cfdbd/sniffio-1.3.1.tar.gz", hash = "sha256:f4324edc670a0f49750a81b895f35c3adb843cca46f0530f79fc1babb23789dc" }
wheels = [
    { url = "https://mirrors.aliyun.com/pypi/packages/e9/44/75a9c9421471a6c4805dbf2356f7c181a29c1879239abab1ea2cc8f38b40/sniffio-1.3.1-py3-none-any.whl", hash = "sha256:2f6da418d1f1e0fddd844478f41680e794e6051915791a034ff65e5f100525a2" },
]

[[package]]
name = "sqlparse"
version = "0.5.1"
source = { registry = "https://mirrors.aliyun.com/pypi/simple" }
sdist = { url = "https://mirrors.aliyun.com/pypi/packages/73/82/dfa23ec2cbed08a801deab02fe7c904bfb00765256b155941d789a338c68/sqlparse-0.5.1.tar.gz", hash = "sha256:bb6b4df465655ef332548e24f08e205afc81b9ab86cb1c45657a7ff173a3a00e" }
wheels = [
    { url = "https://mirrors.aliyun.com/pypi/packages/5d/a5/b2860373aa8de1e626b2bdfdd6df4355f0565b47e51f7d0c54fe70faf8fe/sqlparse-0.5.1-py3-none-any.whl", hash = "sha256:773dcbf9a5ab44a090f3441e2180efe2560220203dc2f8c0b0fa141e18b505e4" },
]

[[package]]
name = "tzdata"
version = "2024.2"
source = { registry = "https://mirrors.aliyun.com/pypi/simple" }
sdist = { url = "https://mirrors.aliyun.com/pypi/packages/e1/34/943888654477a574a86a98e9896bae89c7aa15078ec29f490fef2f1e5384/tzdata-2024.2.tar.gz", hash = "sha256:7d85cc416e9382e69095b7bdf4afd9e3880418a2413feec7069d533d6b4e31cc" }
wheels = [
    { url = "https://mirrors.aliyun.com/pypi/packages/a6/ab/7e5f53c3b9d14972843a647d8d7a853969a58aecc7559cb3267302c94774/tzdata-2024.2-py2.py3-none-any.whl", hash = "sha256:a48093786cdcde33cad18c2555e8532f34422074448fbc874186f0abd79565cd" },
]

[[package]]
name = "uvicorn"
version = "0.32.0"
source = { registry = "https://mirrors.aliyun.com/pypi/simple" }
dependencies = [
    { name = "click" },
    { name = "h11" },
]
sdist = { url = "https://mirrors.aliyun.com/pypi/packages/e0/fc/1d785078eefd6945f3e5bab5c076e4230698046231eb0f3747bc5c8fa992/uvicorn-0.32.0.tar.gz", hash = "sha256:f78b36b143c16f54ccdb8190d0a26b5f1901fe5a3c777e1ab29f26391af8551e" }
wheels = [
    { url = "https://mirrors.aliyun.com/pypi/packages/eb/14/78bd0e95dd2444b6caacbca2b730671d4295ccb628ef58b81bee903629df/uvicorn-0.32.0-py3-none-any.whl", hash = "sha256:60b8f3a5ac027dcd31448f411ced12b5ef452c646f76f02f8cc3f25d8d26fd82" },
]

[package.optional-dependencies]
standard = [
    { name = "colorama", marker = "sys_platform == 'win32'" },
    { name = "httptools" },
    { name = "python-dotenv" },
    { name = "pyyaml" },
    { name = "uvloop", marker = "platform_python_implementation != 'PyPy' and sys_platform != 'cygwin' and sys_platform != 'win32'" },
    { name = "watchfiles" },
    { name = "websockets" },
]

[[package]]
name = "uvloop"
version = "0.21.0"
source = { registry = "https://mirrors.aliyun.com/pypi/simple" }
sdist = { url = "https://mirrors.aliyun.com/pypi/packages/af/c0/854216d09d33c543f12a44b393c402e89a920b1a0a7dc634c42de91b9cf6/uvloop-0.21.0.tar.gz", hash = "sha256:3bf12b0fda68447806a7ad847bfa591613177275d35b6724b1ee573faa3704e3" }
wheels = [
    { url = "https://mirrors.aliyun.com/pypi/packages/3f/8d/2cbef610ca21539f0f36e2b34da49302029e7c9f09acef0b1c3b5839412b/uvloop-0.21.0-cp313-cp313-macosx_10_13_universal2.whl", hash = "sha256:bfd55dfcc2a512316e65f16e503e9e450cab148ef11df4e4e679b5e8253a5281" },
    { url = "https://mirrors.aliyun.com/pypi/packages/93/0d/b0038d5a469f94ed8f2b2fce2434a18396d8fbfb5da85a0a9781ebbdec14/uvloop-0.21.0-cp313-cp313-macosx_10_13_x86_64.whl", hash = "sha256:787ae31ad8a2856fc4e7c095341cccc7209bd657d0e71ad0dc2ea83c4a6fa8af" },
    { url = "https://mirrors.aliyun.com/pypi/packages/50/94/0a687f39e78c4c1e02e3272c6b2ccdb4e0085fda3b8352fecd0410ccf915/uvloop-0.21.0-cp313-cp313-manylinux_2_17_aarch64.manylinux2014_aarch64.whl", hash = "sha256:5ee4d4ef48036ff6e5cfffb09dd192c7a5027153948d85b8da7ff705065bacc6" },
    { url = "https://mirrors.aliyun.com/pypi/packages/d2/19/f5b78616566ea68edd42aacaf645adbf71fbd83fc52281fba555dc27e3f1/uvloop-0.21.0-cp313-cp313-manylinux_2_17_x86_64.manylinux2014_x86_64.whl", hash = "sha256:f3df876acd7ec037a3d005b3ab85a7e4110422e4d9c1571d4fc89b0fc41b6816" },
    { url = "https://mirrors.aliyun.com/pypi/packages/47/57/66f061ee118f413cd22a656de622925097170b9380b30091b78ea0c6ea75/uvloop-0.21.0-cp313-cp313-musllinux_1_2_aarch64.whl", hash = "sha256:bd53ecc9a0f3d87ab847503c2e1552b690362e005ab54e8a48ba97da3924c0dc" },
    { url = "https://mirrors.aliyun.com/pypi/packages/63/9a/0962b05b308494e3202d3f794a6e85abe471fe3cafdbcf95c2e8c713aabd/uvloop-0.21.0-cp313-cp313-musllinux_1_2_x86_64.whl", hash = "sha256:a5c39f217ab3c663dc699c04cbd50c13813e31d917642d459fdcec07555cc553" },
]

[[package]]
name = "watchfiles"
version = "0.24.0"
source = { registry = "https://mirrors.aliyun.com/pypi/simple" }
dependencies = [
    { name = "anyio" },
]
sdist = { url = "https://mirrors.aliyun.com/pypi/packages/c8/27/2ba23c8cc85796e2d41976439b08d52f691655fdb9401362099502d1f0cf/watchfiles-0.24.0.tar.gz", hash = "sha256:afb72325b74fa7a428c009c1b8be4b4d7c2afedafb2982827ef2156646df2fe1" }
wheels = [
    { url = "https://mirrors.aliyun.com/pypi/packages/30/dc/6e9f5447ae14f645532468a84323a942996d74d5e817837a5c8ce9d16c69/watchfiles-0.24.0-cp313-cp313-macosx_10_12_x86_64.whl", hash = "sha256:3d2e3ab79a1771c530233cadfd277fcc762656d50836c77abb2e5e72b88e3a48" },
    { url = "https://mirrors.aliyun.com/pypi/packages/79/c0/c3a9929c372816c7fc87d8149bd722608ea58dc0986d3ef7564c79ad7112/watchfiles-0.24.0-cp313-cp313-macosx_11_0_arm64.whl", hash = "sha256:327763da824817b38ad125dcd97595f942d720d32d879f6c4ddf843e3da3fe90" },
    { url = "https://mirrors.aliyun.com/pypi/packages/2e/11/ff9a4445a7cfc1c98caf99042df38964af12eed47d496dd5d0d90417349f/watchfiles-0.24.0-cp313-cp313-manylinux_2_17_aarch64.manylinux2014_aarch64.whl", hash = "sha256:bd82010f8ab451dabe36054a1622870166a67cf3fce894f68895db6f74bbdc94" },
    { url = "https://mirrors.aliyun.com/pypi/packages/48/a3/763ba18c98211d7bb6c0f417b2d7946d346cdc359d585cc28a17b48e964b/watchfiles-0.24.0-cp313-cp313-manylinux_2_17_armv7l.manylinux2014_armv7l.whl", hash = "sha256:d64ba08db72e5dfd5c33be1e1e687d5e4fcce09219e8aee893a4862034081d4e" },
    { url = "https://mirrors.aliyun.com/pypi/packages/30/4c/616c111b9d40eea2547489abaf4ffc84511e86888a166d3a4522c2ba44b5/watchfiles-0.24.0-cp313-cp313-manylinux_2_17_i686.manylinux2014_i686.whl", hash = "sha256:1cf1f6dd7825053f3d98f6d33f6464ebdd9ee95acd74ba2c34e183086900a827" },
    { url = "https://mirrors.aliyun.com/pypi/packages/b6/be/d7da83307863a422abbfeb12903a76e43200c90ebe5d6afd6a59d158edea/watchfiles-0.24.0-cp313-cp313-manylinux_2_17_ppc64le.manylinux2014_ppc64le.whl", hash = "sha256:43e3e37c15a8b6fe00c1bce2473cfa8eb3484bbeecf3aefbf259227e487a03df" },
    { url = "https://mirrors.aliyun.com/pypi/packages/1d/d3/3dfe131ee59d5e90b932cf56aba5c996309d94dafe3d02d204364c23461c/watchfiles-0.24.0-cp313-cp313-manylinux_2_17_s390x.manylinux2014_s390x.whl", hash = "sha256:88bcd4d0fe1d8ff43675360a72def210ebad3f3f72cabfeac08d825d2639b4ab" },
    { url = "https://mirrors.aliyun.com/pypi/packages/42/6c/279288cc5653a289290d183b60a6d80e05f439d5bfdfaf2d113738d0f932/watchfiles-0.24.0-cp313-cp313-manylinux_2_17_x86_64.manylinux2014_x86_64.whl", hash = "sha256:999928c6434372fde16c8f27143d3e97201160b48a614071261701615a2a156f" },
    { url = "https://mirrors.aliyun.com/pypi/packages/d6/d7/58afe5e85217e845edf26d8780c2d2d2ae77675eeb8d1b8b8121d799ce52/watchfiles-0.24.0-cp313-cp313-musllinux_1_1_aarch64.whl", hash = "sha256:30bbd525c3262fd9f4b1865cb8d88e21161366561cd7c9e1194819e0a33ea86b" },
    { url = "https://mirrors.aliyun.com/pypi/packages/6d/d5/b96eeb9fe3fda137200dd2f31553670cbc731b1e13164fd69b49870b76ec/watchfiles-0.24.0-cp313-cp313-musllinux_1_1_x86_64.whl", hash = "sha256:edf71b01dec9f766fb285b73930f95f730bb0943500ba0566ae234b5c1618c18" },
    { url = "https://mirrors.aliyun.com/pypi/packages/c1/e5/c326fe52ee0054107267608d8cea275e80be4455b6079491dfd9da29f46f/watchfiles-0.24.0-cp313-none-win32.whl", hash = "sha256:f4c96283fca3ee09fb044f02156d9570d156698bc3734252175a38f0e8975f07" },
    { url = "https://mirrors.aliyun.com/pypi/packages/a6/8b/8a7755c5e7221bb35fe4af2dc44db9174f90ebf0344fd5e9b1e8b42d381e/watchfiles-0.24.0-cp313-none-win_amd64.whl", hash = "sha256:a974231b4fdd1bb7f62064a0565a6b107d27d21d9acb50c484d2cdba515b9366" },
]

[[package]]
name = "websockets"
version = "14.0"
source = { registry = "https://mirrors.aliyun.com/pypi/simple" }
sdist = { url = "https://mirrors.aliyun.com/pypi/packages/d5/95/9ec3ef89770eaf437ec3a6aa18d07aa29215419009e3330fd1031ff2f162/websockets-14.0.tar.gz", hash = "sha256:be90aa6dab180fed523c0c10a6729ad16c9ba79067402d01a4d8aa7ce48d4084" }
wheels = [
    { url = "https://mirrors.aliyun.com/pypi/packages/f0/1c/56174b96507bfa2e4766b09d8d68a12a1ce096918779b8fecac6e4f49284/websockets-14.0-cp313-cp313-macosx_10_13_universal2.whl", hash = "sha256:7cf000319db10a0cb5c7ce91bfd2a8699086b5cc0b5c5b83b92eec22a0448b2f" },
    { url = "https://mirrors.aliyun.com/pypi/packages/af/6f/5c8133ef37e1227029419b89f2e0abde51e4c124e545d53dfd8d8a209e0d/websockets-14.0-cp313-cp313-macosx_10_13_x86_64.whl", hash = "sha256:0bae3caf386d418e83b62e8c1c4cec1b13348fac43e530b9894d6c7c02d921b5" },
    { url = "https://mirrors.aliyun.com/pypi/packages/ad/74/9d77efe1df497d2a5198d479d7b98f604badfb5c95898d5c457d47a9864e/websockets-14.0-cp313-cp313-macosx_11_0_arm64.whl", hash = "sha256:8eb46ac94d5c131336dc997a568f5579501958b14a507e6aa4840f6d856da980" },
    { url = "https://mirrors.aliyun.com/pypi/packages/41/f1/e0a2065037d48c9816ed96710cfe0331a84251a7099951b42299520d4c2e/websockets-14.0-cp313-cp313-manylinux_2_17_aarch64.manylinux2014_aarch64.whl", hash = "sha256:12c345585b1da70cd27a298b0b9a81aa18da7a690672f771b427db59c632d8aa" },
    { url = "https://mirrors.aliyun.com/pypi/packages/a1/7d/700462efaf69a8c2ca49b4548493774f76c8292a923ca6fe06b3a3253c18/websockets-14.0-cp313-cp313-manylinux_2_5_i686.manylinux1_i686.manylinux_2_17_i686.manylinux2014_i686.whl", hash = "sha256:81758da7c76b4e2ddabc4a98a51f3c3aca8585a6d3a8662b5061613303bd5f68" },
    { url = "https://mirrors.aliyun.com/pypi/packages/9e/fe/5bf7d899da9122e2693bf13ecaa793fb1f3f6f55093b1a65b0a7455b693f/websockets-14.0-cp313-cp313-manylinux_2_5_x86_64.manylinux1_x86_64.manylinux_2_17_x86_64.manylinux2014_x86_64.whl", hash = "sha256:4eae86193fd667667f35367d292b912685cb22c3f9f1dd6deaa3fdd713ab5976" },
    { url = "https://mirrors.aliyun.com/pypi/packages/e5/b3/4dce1f80313b32e31ae652981cd2abaa0dd2f56fcd7373e4d8ead9f08d35/websockets-14.0-cp313-cp313-musllinux_1_2_aarch64.whl", hash = "sha256:7078dd0eac3a1dccf2c6f474004dbe8a4e936dbd19d37bbfb6efa70c923ae04e" },
    { url = "https://mirrors.aliyun.com/pypi/packages/9d/c7/ecc861fe4f7c4c4be7de839f1808a4eb4768444e2ae9be15f57d8d8dff32/websockets-14.0-cp313-cp313-musllinux_1_2_i686.whl", hash = "sha256:2a418d596536a470f6f8e94cbb1fde66fe65e03d68c403eee0f2198b129e139a" },
    { url = "https://mirrors.aliyun.com/pypi/packages/1b/f5/6dbc7c2c48237a8f2d588f0aab42ad51c39d42c3b3f7b45a965f0fa69a0c/websockets-14.0-cp313-cp313-musllinux_1_2_x86_64.whl", hash = "sha256:7d66eeab61956e231f35659e6d5b66dc04a3d51e65f2b8f71862dc6a8ba710d1" },
    { url = "https://mirrors.aliyun.com/pypi/packages/e0/c3/e4dd5d76d4aa70adac20c69b60bacbfde228f7f1affa16874bd95baa36bf/websockets-14.0-cp313-cp313-win32.whl", hash = "sha256:b24f7286a5c4e350284623cf708662f0881fe7bc1146c1a1fe7e6a9be01a8d6b" },
    { url = "https://mirrors.aliyun.com/pypi/packages/d8/36/eb2319fdab4486dd195dece569bb91ef9af4ee562b6d1c7ed8ac54040cfa/websockets-14.0-cp313-cp313-win_amd64.whl", hash = "sha256:fb260539dd2b64e93c9f2c59caa70d36d2020fb8e26fa17f62459ad50ebf6c24" },
    { url = "https://mirrors.aliyun.com/pypi/packages/a7/78/83619cfd1b5ce1a6b73724f8a3d2cc8450cf232a84a7c11bd4536a86cae7/websockets-14.0-py3-none-any.whl", hash = "sha256:1a3bca8cfb66614e23a65aa5d6b87190876ec6f3247094939f9db877db55319c" },
]
